// !$*UTF8*$!
{
	archiveVersion = 1;
	classes = {
	};
	objectVersion = 45;
	objects = {

/* Begin PBXBuildFile section */
		B556BBFA1118DA0800D4570C /* artists.json in Resources */ = {isa = PBXBuildFile; fileRef = B56851B81100D6BA00A4C816 /* artists.json */; };
		B556BBFB1118DA0E00D4570C /* artists.0.json in Resources */ = {isa = PBXBuildFile; fileRef = B556BBA11118D42900D4570C /* artists.0.json */; };
		B556BBFC1118DA1200D4570C /* artists.1.json in Resources */ = {isa = PBXBuildFile; fileRef = B556BBA21118D44900D4570C /* artists.1.json */; };
		B556BBFD1118DA1500D4570C /* artists.2.json in Resources */ = {isa = PBXBuildFile; fileRef = B556BBA31118D44F00D4570C /* artists.2.json */; };
		B55D26EC11514F25004F83F6 /* TestScript.sh in Resources */ = {isa = PBXBuildFile; fileRef = B55D26EB11514F25004F83F6 /* TestScript.sh */; };
		B55D26EE11514FEC004F83F6 /* RunTests.sh in Resources */ = {isa = PBXBuildFile; fileRef = B55D26ED11514FEC004F83F6 /* RunTests.sh */; };
		B56418A411064CBB00D1B038 /* CoreResourceTestCase.m in Sources */ = {isa = PBXBuildFile; fileRef = B56418A311064CBB00D1B038 /* CoreResourceTestCase.m */; };
		B568524D1100E0AC00A4C816 /* CoreTestAppDelegate.m in Sources */ = {isa = PBXBuildFile; fileRef = 1D3623250D0F684500981E51 /* CoreTestAppDelegate.m */; };
		B568524E1100E0AC00A4C816 /* ArtistCollectionController.m in Sources */ = {isa = PBXBuildFile; fileRef = 28C286E00D94DF7D0034E888 /* ArtistCollectionController.m */; };
		B56852611100E0AC00A4C816 /* CoreTest.xcdatamodel in Sources */ = {isa = PBXBuildFile; fileRef = B5BAC0D410FFE1E000D57FCA /* CoreTest.xcdatamodel */; };
		B56852621100E0AC00A4C816 /* Artist.m in Sources */ = {isa = PBXBuildFile; fileRef = B5BAC0D810FFE27600D57FCA /* Artist.m */; };
		B568535C11010A6F00A4C816 /* TestHelpers.m in Sources */ = {isa = PBXBuildFile; fileRef = B568535B11010A6F00A4C816 /* TestHelpers.m */; };
		B56FDB5B111B3BDA00D4CEA7 /* artists.0.alternate-field-names.json in Resources */ = {isa = PBXBuildFile; fileRef = B56FDB18111B37F100D4CEA7 /* artists.0.alternate-field-names.json */; };
		B56FDBA2111B3F6100D4CEA7 /* artists.0.update.json in Resources */ = {isa = PBXBuildFile; fileRef = B56FD902111B308900D4CEA7 /* artists.0.update.json */; };
		B5727E5311495D8D0067D774 /* NSArrayCategoryTests.m in Sources */ = {isa = PBXBuildFile; fileRef = B5727E5211495D8D0067D774 /* NSArrayCategoryTests.m */; };
		B57DCF0D1144E0400063915D /* CoreUtilsTests.m in Sources */ = {isa = PBXBuildFile; fileRef = B57DCF0C1144E0400063915D /* CoreUtilsTests.m */; };
		B5A6614B110DF95400100C9E /* Song.m in Sources */ = {isa = PBXBuildFile; fileRef = B5A6614A110DF95400100C9E /* Song.m */; };
		B5A6615C110DF9CD00100C9E /* User.m in Sources */ = {isa = PBXBuildFile; fileRef = B5A6615B110DF9CD00100C9E /* User.m */; };
		B5A9C39E1142AF950007B71C /* CoreResourceConfigurationTests.m in Sources */ = {isa = PBXBuildFile; fileRef = B5A9C3961142AF950007B71C /* CoreResourceConfigurationTests.m */; };
		B5A9C39F1142AF950007B71C /* CoreResourceCoreDataTests.m in Sources */ = {isa = PBXBuildFile; fileRef = B5A9C3971142AF950007B71C /* CoreResourceCoreDataTests.m */; };
		B5A9C3A01142AF950007B71C /* CoreResourceCreateTests.m in Sources */ = {isa = PBXBuildFile; fileRef = B5A9C3981142AF950007B71C /* CoreResourceCreateTests.m */; };
		B5A9C3A11142AF950007B71C /* CoreResourceDestroyTests.m in Sources */ = {isa = PBXBuildFile; fileRef = B5A9C3991142AF950007B71C /* CoreResourceDestroyTests.m */; };
		B5A9C3A21142AF950007B71C /* CoreResourceReadTests.m in Sources */ = {isa = PBXBuildFile; fileRef = B5A9C39A1142AF950007B71C /* CoreResourceReadTests.m */; };
		B5A9C3A31142AF950007B71C /* CoreResourceResultsTests.m in Sources */ = {isa = PBXBuildFile; fileRef = B5A9C39B1142AF950007B71C /* CoreResourceResultsTests.m */; };
		B5A9C3A41142AF950007B71C /* CoreResourceSerializationTests.m in Sources */ = {isa = PBXBuildFile; fileRef = B5A9C39C1142AF950007B71C /* CoreResourceSerializationTests.m */; };
		B5A9C3A51142AF950007B71C /* CoreResourceUpdateTests.m in Sources */ = {isa = PBXBuildFile; fileRef = B5A9C39D1142AF950007B71C /* CoreResourceUpdateTests.m */; };
		B5E78AC71149AD1A006C73CE /* MiscBenchmarks.m in Sources */ = {isa = PBXBuildFile; fileRef = B5E78AC61149AD1A006C73CE /* MiscBenchmarks.m */; };
		EF2EF96012B7DF35000C4422 /* GHUnit.framework in Frameworks */ = {isa = PBXBuildFile; fileRef = EF2EF95F12B7DF35000C4422 /* GHUnit.framework */; };
		EF2EF9BB12B7E376000C4422 /* Foundation.framework in Frameworks */ = {isa = PBXBuildFile; fileRef = EF2EF9BA12B7E376000C4422 /* Foundation.framework */; };
		EF2EF9C012B7E3B4000C4422 /* CFNetwork.framework in Frameworks */ = {isa = PBXBuildFile; fileRef = EF2EF9BF12B7E3B4000C4422 /* CFNetwork.framework */; };
		EF2EF9C212B7E3B4000C4422 /* CoreData.framework in Frameworks */ = {isa = PBXBuildFile; fileRef = EF2EF9C112B7E3B4000C4422 /* CoreData.framework */; };
		EF2EF9C412B7E3B4000C4422 /* CoreGraphics.framework in Frameworks */ = {isa = PBXBuildFile; fileRef = EF2EF9C312B7E3B4000C4422 /* CoreGraphics.framework */; };
		EF2EF9C612B7E3B4000C4422 /* UIKit.framework in Frameworks */ = {isa = PBXBuildFile; fileRef = EF2EF9C512B7E3B4000C4422 /* UIKit.framework */; };
		EF2EF9C812B7E3B4000C4422 /* libz.1.2.3.dylib in Frameworks */ = {isa = PBXBuildFile; fileRef = EF2EF9C712B7E3B4000C4422 /* libz.1.2.3.dylib */; };
		EF2EF9D012B7E3CB000C4422 /* SystemConfiguration.framework in Frameworks */ = {isa = PBXBuildFile; fileRef = EF2EF9CF12B7E3CB000C4422 /* SystemConfiguration.framework */; };
		EF2EF9D512B7E450000C4422 /* GHUnitIOSTestMain.m in Sources */ = {isa = PBXBuildFile; fileRef = EF2EF9D412B7E450000C4422 /* GHUnitIOSTestMain.m */; };
		EF2EFA2F12B7E5AE000C4422 /* CoreDeserializer.m in Sources */ = {isa = PBXBuildFile; fileRef = EF2EF9ED12B7E5AD000C4422 /* CoreDeserializer.m */; };
		EF2EFA3012B7E5AE000C4422 /* CoreManager.m in Sources */ = {isa = PBXBuildFile; fileRef = EF2EF9EF12B7E5AD000C4422 /* CoreManager.m */; };
		EF2EFA3112B7E5AE000C4422 /* CoreRequest.m in Sources */ = {isa = PBXBuildFile; fileRef = EF2EF9F112B7E5AD000C4422 /* CoreRequest.m */; };
		EF2EFA3212B7E5AE000C4422 /* CoreResource.m in Sources */ = {isa = PBXBuildFile; fileRef = EF2EF9F312B7E5AD000C4422 /* CoreResource.m */; };
		EF2EFA3312B7E5AE000C4422 /* CoreResult.m in Sources */ = {isa = PBXBuildFile; fileRef = EF2EF9F512B7E5AD000C4422 /* CoreResult.m */; };
		EF2EFA3412B7E5AE000C4422 /* CoreResultsController.m in Sources */ = {isa = PBXBuildFile; fileRef = EF2EF9F712B7E5AD000C4422 /* CoreResultsController.m */; };
		EF2EFA3512B7E5AE000C4422 /* CoreTableController.m in Sources */ = {isa = PBXBuildFile; fileRef = EF2EF9F912B7E5AD000C4422 /* CoreTableController.m */; };
		EF2EFA3612B7E5AE000C4422 /* CoreUtils.m in Sources */ = {isa = PBXBuildFile; fileRef = EF2EF9FB12B7E5AD000C4422 /* CoreUtils.m */; };
		EF2EFA3712B7E5AE000C4422 /* NSArray+Core.m in Sources */ = {isa = PBXBuildFile; fileRef = EF2EF9FD12B7E5AD000C4422 /* NSArray+Core.m */; };
		EF2EFA3812B7E5AE000C4422 /* NSMutableArray+Core.m in Sources */ = {isa = PBXBuildFile; fileRef = EF2EF9FF12B7E5AD000C4422 /* NSMutableArray+Core.m */; };
		EF2EFA3912B7E5AE000C4422 /* NSObject+Core.m in Sources */ = {isa = PBXBuildFile; fileRef = EF2EFA0112B7E5AD000C4422 /* NSObject+Core.m */; };
		EF2EFA3A12B7E5AE000C4422 /* NSSet+Core.m in Sources */ = {isa = PBXBuildFile; fileRef = EF2EFA0312B7E5AD000C4422 /* NSSet+Core.m */; };
		EF2EFA3B12B7E5AE000C4422 /* NSString+InflectionSupport.m in Sources */ = {isa = PBXBuildFile; fileRef = EF2EFA0512B7E5AD000C4422 /* NSString+InflectionSupport.m */; };
		EF2EFA3C12B7E5AE000C4422 /* readme.md in Resources */ = {isa = PBXBuildFile; fileRef = EF2EFA0612B7E5AE000C4422 /* readme.md */; };
		EF2EFA3D12B7E5AE000C4422 /* NSDate+Helper.m in Sources */ = {isa = PBXBuildFile; fileRef = EF2EFA0912B7E5AE000C4422 /* NSDate+Helper.m */; };
		EF2EFA3E12B7E5AE000C4422 /* README.textile in Resources */ = {isa = PBXBuildFile; fileRef = EF2EFA0A12B7E5AE000C4422 /* README.textile */; };
		EF2EFA3F12B7E5AE000C4422 /* NSObject+SBJSON.m in Sources */ = {isa = PBXBuildFile; fileRef = EF2EFA0E12B7E5AE000C4422 /* NSObject+SBJSON.m */; };
		EF2EFA4012B7E5AE000C4422 /* NSString+SBJSON.m in Sources */ = {isa = PBXBuildFile; fileRef = EF2EFA1012B7E5AE000C4422 /* NSString+SBJSON.m */; };
		EF2EFA4112B7E5AE000C4422 /* SBJsonBase.m in Sources */ = {isa = PBXBuildFile; fileRef = EF2EFA1212B7E5AE000C4422 /* SBJsonBase.m */; };
		EF2EFA4212B7E5AE000C4422 /* SBJsonParser.m in Sources */ = {isa = PBXBuildFile; fileRef = EF2EFA1412B7E5AE000C4422 /* SBJsonParser.m */; };
		EF2EFA4312B7E5AE000C4422 /* SBJsonWriter.m in Sources */ = {isa = PBXBuildFile; fileRef = EF2EFA1612B7E5AE000C4422 /* SBJsonWriter.m */; };
		EF2EFA4412B7E5AE000C4422 /* Reachability.m in Sources */ = {isa = PBXBuildFile; fileRef = EF2EFA1A12B7E5AE000C4422 /* Reachability.m */; };
		EF2EFA4512B7E5AE000C4422 /* ASIAuthenticationDialog.m in Sources */ = {isa = PBXBuildFile; fileRef = EF2EFA1C12B7E5AE000C4422 /* ASIAuthenticationDialog.m */; };
		EF2EFA4612B7E5AE000C4422 /* ASIDataCompressor.m in Sources */ = {isa = PBXBuildFile; fileRef = EF2EFA1F12B7E5AE000C4422 /* ASIDataCompressor.m */; };
		EF2EFA4712B7E5AE000C4422 /* ASIDataDecompressor.m in Sources */ = {isa = PBXBuildFile; fileRef = EF2EFA2112B7E5AE000C4422 /* ASIDataDecompressor.m */; };
		EF2EFA4812B7E5AE000C4422 /* ASIDownloadCache.m in Sources */ = {isa = PBXBuildFile; fileRef = EF2EFA2312B7E5AE000C4422 /* ASIDownloadCache.m */; };
		EF2EFA4912B7E5AE000C4422 /* ASIFormDataRequest.m in Sources */ = {isa = PBXBuildFile; fileRef = EF2EFA2512B7E5AE000C4422 /* ASIFormDataRequest.m */; };
		EF2EFA4A12B7E5AE000C4422 /* ASIHTTPRequest.m in Sources */ = {isa = PBXBuildFile; fileRef = EF2EFA2712B7E5AE000C4422 /* ASIHTTPRequest.m */; };
		EF2EFA4B12B7E5AE000C4422 /* ASIInputStream.m in Sources */ = {isa = PBXBuildFile; fileRef = EF2EFA2B12B7E5AE000C4422 /* ASIInputStream.m */; };
		EF2EFA4C12B7E5AE000C4422 /* ASINetworkQueue.m in Sources */ = {isa = PBXBuildFile; fileRef = EF2EFA2D12B7E5AE000C4422 /* ASINetworkQueue.m */; };
		EF2EFA5812B7E60E000C4422 /* MobileCoreServices.framework in Frameworks */ = {isa = PBXBuildFile; fileRef = EF2EFA5712B7E60E000C4422 /* MobileCoreServices.framework */; };
/* End PBXBuildFile section */

/* Begin PBXFileReference section */
		1D3623240D0F684500981E51 /* CoreTestAppDelegate.h */ = {isa = PBXFileReference; fileEncoding = 4; lastKnownFileType = sourcecode.c.h; path = CoreTestAppDelegate.h; sourceTree = "<group>"; };
		1D3623250D0F684500981E51 /* CoreTestAppDelegate.m */ = {isa = PBXFileReference; fileEncoding = 4; lastKnownFileType = sourcecode.c.objc; path = CoreTestAppDelegate.m; sourceTree = "<group>"; };
		28AD735F0D9D9599002E5188 /* MainWindow.xib */ = {isa = PBXFileReference; lastKnownFileType = file.xib; path = MainWindow.xib; sourceTree = "<group>"; };
		28C286DF0D94DF7D0034E888 /* ArtistCollectionController.h */ = {isa = PBXFileReference; fileEncoding = 4; lastKnownFileType = sourcecode.c.h; path = ArtistCollectionController.h; sourceTree = "<group>"; };
		28C286E00D94DF7D0034E888 /* ArtistCollectionController.m */ = {isa = PBXFileReference; fileEncoding = 4; lastKnownFileType = sourcecode.c.objc; path = ArtistCollectionController.m; sourceTree = "<group>"; };
		28F335F01007B36200424DE2 /* ArtistCollectionController.xib */ = {isa = PBXFileReference; lastKnownFileType = file.xib; path = ArtistCollectionController.xib; sourceTree = "<group>"; };
		29B97316FDCFA39411CA2CEA /* main.m */ = {isa = PBXFileReference; fileEncoding = 4; lastKnownFileType = sourcecode.c.objc; path = main.m; sourceTree = "<group>"; };
		8D1107310486CEB800E47090 /* CoreTest-Info.plist */ = {isa = PBXFileReference; fileEncoding = 4; lastKnownFileType = text.plist.xml; path = "CoreTest-Info.plist"; plistStructureDefinitionIdentifier = "com.apple.xcode.plist.structure-definition.iphone.info-plist"; sourceTree = "<group>"; };
		B556BBA11118D42900D4570C /* artists.0.json */ = {isa = PBXFileReference; fileEncoding = 4; lastKnownFileType = text; path = artists.0.json; sourceTree = "<group>"; };
		B556BBA21118D44900D4570C /* artists.1.json */ = {isa = PBXFileReference; fileEncoding = 4; lastKnownFileType = text; path = artists.1.json; sourceTree = "<group>"; };
		B556BBA31118D44F00D4570C /* artists.2.json */ = {isa = PBXFileReference; fileEncoding = 4; lastKnownFileType = text; path = artists.2.json; sourceTree = "<group>"; };
		B55D26EB11514F25004F83F6 /* TestScript.sh */ = {isa = PBXFileReference; fileEncoding = 4; lastKnownFileType = text.script.sh; path = TestScript.sh; sourceTree = "<group>"; };
		B55D26ED11514FEC004F83F6 /* RunTests.sh */ = {isa = PBXFileReference; fileEncoding = 4; lastKnownFileType = text.script.sh; path = RunTests.sh; sourceTree = "<group>"; };
		B56418A311064CBB00D1B038 /* CoreResourceTestCase.m */ = {isa = PBXFileReference; fileEncoding = 4; lastKnownFileType = sourcecode.c.objc; path = CoreResourceTestCase.m; sourceTree = "<group>"; };
		B56418A511064CFA00D1B038 /* CoreResourceTestCase.h */ = {isa = PBXFileReference; fileEncoding = 4; lastKnownFileType = sourcecode.c.h; path = CoreResourceTestCase.h; sourceTree = "<group>"; };
		B56851B81100D6BA00A4C816 /* artists.json */ = {isa = PBXFileReference; fileEncoding = 4; lastKnownFileType = text; path = artists.json; sourceTree = "<group>"; };
		B56851F91100DD0500A4C816 /* CoreTest.app */ = {isa = PBXFileReference; explicitFileType = wrapper.application; includeInIndex = 0; path = CoreTest.app; sourceTree = BUILT_PRODUCTS_DIR; };
		B56852981100E3E800A4C816 /* GHLogicTests_Prefix.pch */ = {isa = PBXFileReference; fileEncoding = 4; lastKnownFileType = sourcecode.c.h; path = GHLogicTests_Prefix.pch; sourceTree = "<group>"; };
		B568535A11010A6F00A4C816 /* TestHelpers.h */ = {isa = PBXFileReference; fileEncoding = 4; lastKnownFileType = sourcecode.c.h; path = TestHelpers.h; sourceTree = "<group>"; };
		B568535B11010A6F00A4C816 /* TestHelpers.m */ = {isa = PBXFileReference; fileEncoding = 4; lastKnownFileType = sourcecode.c.objc; path = TestHelpers.m; sourceTree = "<group>"; };
		B56FD902111B308900D4CEA7 /* artists.0.update.json */ = {isa = PBXFileReference; fileEncoding = 4; lastKnownFileType = text; path = artists.0.update.json; sourceTree = "<group>"; };
		B56FDB18111B37F100D4CEA7 /* artists.0.alternate-field-names.json */ = {isa = PBXFileReference; fileEncoding = 4; lastKnownFileType = text; path = "artists.0.alternate-field-names.json"; sourceTree = "<group>"; };
		B5727E5211495D8D0067D774 /* NSArrayCategoryTests.m */ = {isa = PBXFileReference; fileEncoding = 4; lastKnownFileType = sourcecode.c.objc; path = NSArrayCategoryTests.m; sourceTree = "<group>"; };
		B57DCF0C1144E0400063915D /* CoreUtilsTests.m */ = {isa = PBXFileReference; fileEncoding = 4; lastKnownFileType = sourcecode.c.objc; path = CoreUtilsTests.m; sourceTree = "<group>"; };
		B5A66149110DF95400100C9E /* Song.h */ = {isa = PBXFileReference; fileEncoding = 4; lastKnownFileType = sourcecode.c.h; path = Song.h; sourceTree = "<group>"; };
		B5A6614A110DF95400100C9E /* Song.m */ = {isa = PBXFileReference; fileEncoding = 4; lastKnownFileType = sourcecode.c.objc; path = Song.m; sourceTree = "<group>"; };
		B5A6615A110DF9CD00100C9E /* User.h */ = {isa = PBXFileReference; fileEncoding = 4; lastKnownFileType = sourcecode.c.h; path = User.h; sourceTree = "<group>"; };
		B5A6615B110DF9CD00100C9E /* User.m */ = {isa = PBXFileReference; fileEncoding = 4; lastKnownFileType = sourcecode.c.objc; path = User.m; sourceTree = "<group>"; };
		B5A9C3961142AF950007B71C /* CoreResourceConfigurationTests.m */ = {isa = PBXFileReference; fileEncoding = 4; lastKnownFileType = sourcecode.c.objc; path = CoreResourceConfigurationTests.m; sourceTree = "<group>"; };
		B5A9C3971142AF950007B71C /* CoreResourceCoreDataTests.m */ = {isa = PBXFileReference; fileEncoding = 4; lastKnownFileType = sourcecode.c.objc; path = CoreResourceCoreDataTests.m; sourceTree = "<group>"; };
		B5A9C3981142AF950007B71C /* CoreResourceCreateTests.m */ = {isa = PBXFileReference; fileEncoding = 4; lastKnownFileType = sourcecode.c.objc; path = CoreResourceCreateTests.m; sourceTree = "<group>"; };
		B5A9C3991142AF950007B71C /* CoreResourceDestroyTests.m */ = {isa = PBXFileReference; fileEncoding = 4; lastKnownFileType = sourcecode.c.objc; path = CoreResourceDestroyTests.m; sourceTree = "<group>"; };
		B5A9C39A1142AF950007B71C /* CoreResourceReadTests.m */ = {isa = PBXFileReference; fileEncoding = 4; lastKnownFileType = sourcecode.c.objc; path = CoreResourceReadTests.m; sourceTree = "<group>"; };
		B5A9C39B1142AF950007B71C /* CoreResourceResultsTests.m */ = {isa = PBXFileReference; fileEncoding = 4; lastKnownFileType = sourcecode.c.objc; path = CoreResourceResultsTests.m; sourceTree = "<group>"; };
		B5A9C39C1142AF950007B71C /* CoreResourceSerializationTests.m */ = {isa = PBXFileReference; fileEncoding = 4; lastKnownFileType = sourcecode.c.objc; path = CoreResourceSerializationTests.m; sourceTree = "<group>"; };
		B5A9C39D1142AF950007B71C /* CoreResourceUpdateTests.m */ = {isa = PBXFileReference; fileEncoding = 4; lastKnownFileType = sourcecode.c.objc; path = CoreResourceUpdateTests.m; sourceTree = "<group>"; };
		B5BAC0D410FFE1E000D57FCA /* CoreTest.xcdatamodel */ = {isa = PBXFileReference; fileEncoding = 4; lastKnownFileType = wrapper.xcdatamodel; path = CoreTest.xcdatamodel; sourceTree = "<group>"; };
		B5BAC0D710FFE27600D57FCA /* Artist.h */ = {isa = PBXFileReference; fileEncoding = 4; lastKnownFileType = sourcecode.c.h; path = Artist.h; sourceTree = "<group>"; };
		B5BAC0D810FFE27600D57FCA /* Artist.m */ = {isa = PBXFileReference; fileEncoding = 4; lastKnownFileType = sourcecode.c.objc; path = Artist.m; sourceTree = "<group>"; };
		B5E78AC61149AD1A006C73CE /* MiscBenchmarks.m */ = {isa = PBXFileReference; fileEncoding = 4; lastKnownFileType = sourcecode.c.objc; path = MiscBenchmarks.m; sourceTree = "<group>"; };
		EF2EF95F12B7DF35000C4422 /* GHUnit.framework */ = {isa = PBXFileReference; lastKnownFileType = wrapper.framework; path = GHUnit.framework; sourceTree = "<group>"; };
		EF2EF9BA12B7E376000C4422 /* Foundation.framework */ = {isa = PBXFileReference; lastKnownFileType = wrapper.framework; name = Foundation.framework; path = System/Library/Frameworks/Foundation.framework; sourceTree = SDKROOT; };
		EF2EF9BF12B7E3B4000C4422 /* CFNetwork.framework */ = {isa = PBXFileReference; lastKnownFileType = wrapper.framework; name = CFNetwork.framework; path = System/Library/Frameworks/CFNetwork.framework; sourceTree = SDKROOT; };
		EF2EF9C112B7E3B4000C4422 /* CoreData.framework */ = {isa = PBXFileReference; lastKnownFileType = wrapper.framework; name = CoreData.framework; path = System/Library/Frameworks/CoreData.framework; sourceTree = SDKROOT; };
		EF2EF9C312B7E3B4000C4422 /* CoreGraphics.framework */ = {isa = PBXFileReference; lastKnownFileType = wrapper.framework; name = CoreGraphics.framework; path = System/Library/Frameworks/CoreGraphics.framework; sourceTree = SDKROOT; };
		EF2EF9C512B7E3B4000C4422 /* UIKit.framework */ = {isa = PBXFileReference; lastKnownFileType = wrapper.framework; name = UIKit.framework; path = System/Library/Frameworks/UIKit.framework; sourceTree = SDKROOT; };
		EF2EF9C712B7E3B4000C4422 /* libz.1.2.3.dylib */ = {isa = PBXFileReference; lastKnownFileType = "compiled.mach-o.dylib"; name = libz.1.2.3.dylib; path = usr/lib/libz.1.2.3.dylib; sourceTree = SDKROOT; };
		EF2EF9CF12B7E3CB000C4422 /* SystemConfiguration.framework */ = {isa = PBXFileReference; lastKnownFileType = wrapper.framework; name = SystemConfiguration.framework; path = System/Library/Frameworks/SystemConfiguration.framework; sourceTree = SDKROOT; };
		EF2EF9D412B7E450000C4422 /* GHUnitIOSTestMain.m */ = {isa = PBXFileReference; fileEncoding = 4; lastKnownFileType = sourcecode.c.objc; path = GHUnitIOSTestMain.m; sourceTree = "<group>"; };
		EF2EF9EC12B7E5AD000C4422 /* CoreDeserializer.h */ = {isa = PBXFileReference; fileEncoding = 4; lastKnownFileType = sourcecode.c.h; path = CoreDeserializer.h; sourceTree = "<group>"; };
		EF2EF9ED12B7E5AD000C4422 /* CoreDeserializer.m */ = {isa = PBXFileReference; fileEncoding = 4; lastKnownFileType = sourcecode.c.objc; path = CoreDeserializer.m; sourceTree = "<group>"; };
		EF2EF9EE12B7E5AD000C4422 /* CoreManager.h */ = {isa = PBXFileReference; fileEncoding = 4; lastKnownFileType = sourcecode.c.h; path = CoreManager.h; sourceTree = "<group>"; };
		EF2EF9EF12B7E5AD000C4422 /* CoreManager.m */ = {isa = PBXFileReference; fileEncoding = 4; lastKnownFileType = sourcecode.c.objc; path = CoreManager.m; sourceTree = "<group>"; };
		EF2EF9F012B7E5AD000C4422 /* CoreRequest.h */ = {isa = PBXFileReference; fileEncoding = 4; lastKnownFileType = sourcecode.c.h; path = CoreRequest.h; sourceTree = "<group>"; };
		EF2EF9F112B7E5AD000C4422 /* CoreRequest.m */ = {isa = PBXFileReference; fileEncoding = 4; lastKnownFileType = sourcecode.c.objc; path = CoreRequest.m; sourceTree = "<group>"; };
		EF2EF9F212B7E5AD000C4422 /* CoreResource.h */ = {isa = PBXFileReference; fileEncoding = 4; lastKnownFileType = sourcecode.c.h; path = CoreResource.h; sourceTree = "<group>"; };
		EF2EF9F312B7E5AD000C4422 /* CoreResource.m */ = {isa = PBXFileReference; fileEncoding = 4; lastKnownFileType = sourcecode.c.objc; path = CoreResource.m; sourceTree = "<group>"; };
		EF2EF9F412B7E5AD000C4422 /* CoreResult.h */ = {isa = PBXFileReference; fileEncoding = 4; lastKnownFileType = sourcecode.c.h; path = CoreResult.h; sourceTree = "<group>"; };
		EF2EF9F512B7E5AD000C4422 /* CoreResult.m */ = {isa = PBXFileReference; fileEncoding = 4; lastKnownFileType = sourcecode.c.objc; path = CoreResult.m; sourceTree = "<group>"; };
		EF2EF9F612B7E5AD000C4422 /* CoreResultsController.h */ = {isa = PBXFileReference; fileEncoding = 4; lastKnownFileType = sourcecode.c.h; path = CoreResultsController.h; sourceTree = "<group>"; };
		EF2EF9F712B7E5AD000C4422 /* CoreResultsController.m */ = {isa = PBXFileReference; fileEncoding = 4; lastKnownFileType = sourcecode.c.objc; path = CoreResultsController.m; sourceTree = "<group>"; };
		EF2EF9F812B7E5AD000C4422 /* CoreTableController.h */ = {isa = PBXFileReference; fileEncoding = 4; lastKnownFileType = sourcecode.c.h; path = CoreTableController.h; sourceTree = "<group>"; };
		EF2EF9F912B7E5AD000C4422 /* CoreTableController.m */ = {isa = PBXFileReference; fileEncoding = 4; lastKnownFileType = sourcecode.c.objc; path = CoreTableController.m; sourceTree = "<group>"; };
		EF2EF9FA12B7E5AD000C4422 /* CoreUtils.h */ = {isa = PBXFileReference; fileEncoding = 4; lastKnownFileType = sourcecode.c.h; path = CoreUtils.h; sourceTree = "<group>"; };
		EF2EF9FB12B7E5AD000C4422 /* CoreUtils.m */ = {isa = PBXFileReference; fileEncoding = 4; lastKnownFileType = sourcecode.c.objc; path = CoreUtils.m; sourceTree = "<group>"; };
		EF2EF9FC12B7E5AD000C4422 /* NSArray+Core.h */ = {isa = PBXFileReference; fileEncoding = 4; lastKnownFileType = sourcecode.c.h; path = "NSArray+Core.h"; sourceTree = "<group>"; };
		EF2EF9FD12B7E5AD000C4422 /* NSArray+Core.m */ = {isa = PBXFileReference; fileEncoding = 4; lastKnownFileType = sourcecode.c.objc; path = "NSArray+Core.m"; sourceTree = "<group>"; };
		EF2EF9FE12B7E5AD000C4422 /* NSMutableArray+Core.h */ = {isa = PBXFileReference; fileEncoding = 4; lastKnownFileType = sourcecode.c.h; path = "NSMutableArray+Core.h"; sourceTree = "<group>"; };
		EF2EF9FF12B7E5AD000C4422 /* NSMutableArray+Core.m */ = {isa = PBXFileReference; fileEncoding = 4; lastKnownFileType = sourcecode.c.objc; path = "NSMutableArray+Core.m"; sourceTree = "<group>"; };
		EF2EFA0012B7E5AD000C4422 /* NSObject+Core.h */ = {isa = PBXFileReference; fileEncoding = 4; lastKnownFileType = sourcecode.c.h; path = "NSObject+Core.h"; sourceTree = "<group>"; };
		EF2EFA0112B7E5AD000C4422 /* NSObject+Core.m */ = {isa = PBXFileReference; fileEncoding = 4; lastKnownFileType = sourcecode.c.objc; path = "NSObject+Core.m"; sourceTree = "<group>"; };
		EF2EFA0212B7E5AD000C4422 /* NSSet+Core.h */ = {isa = PBXFileReference; fileEncoding = 4; lastKnownFileType = sourcecode.c.h; path = "NSSet+Core.h"; sourceTree = "<group>"; };
		EF2EFA0312B7E5AD000C4422 /* NSSet+Core.m */ = {isa = PBXFileReference; fileEncoding = 4; lastKnownFileType = sourcecode.c.objc; path = "NSSet+Core.m"; sourceTree = "<group>"; };
		EF2EFA0412B7E5AD000C4422 /* NSString+InflectionSupport.h */ = {isa = PBXFileReference; fileEncoding = 4; lastKnownFileType = sourcecode.c.h; path = "NSString+InflectionSupport.h"; sourceTree = "<group>"; };
		EF2EFA0512B7E5AD000C4422 /* NSString+InflectionSupport.m */ = {isa = PBXFileReference; fileEncoding = 4; lastKnownFileType = sourcecode.c.objc; path = "NSString+InflectionSupport.m"; sourceTree = "<group>"; };
		EF2EFA0612B7E5AE000C4422 /* readme.md */ = {isa = PBXFileReference; fileEncoding = 4; lastKnownFileType = text; path = readme.md; sourceTree = "<group>"; };
		EF2EFA0812B7E5AE000C4422 /* NSDate+Helper.h */ = {isa = PBXFileReference; fileEncoding = 4; lastKnownFileType = sourcecode.c.h; name = "NSDate+Helper.h"; path = "../../../3rdParty Libraries/mikelaurence-CoreResource-9948473/Libraries/NSDate-Helper/NSDate+Helper.h"; sourceTree = SOURCE_ROOT; };
		EF2EFA0912B7E5AE000C4422 /* NSDate+Helper.m */ = {isa = PBXFileReference; fileEncoding = 4; lastKnownFileType = sourcecode.c.objc; name = "NSDate+Helper.m"; path = "../../../3rdParty Libraries/mikelaurence-CoreResource-9948473/Libraries/NSDate-Helper/NSDate+Helper.m"; sourceTree = SOURCE_ROOT; };
		EF2EFA0A12B7E5AE000C4422 /* README.textile */ = {isa = PBXFileReference; fileEncoding = 4; lastKnownFileType = text; name = README.textile; path = "../../../3rdParty Libraries/mikelaurence-CoreResource-9948473/Libraries/NSDate-Helper/README.textile"; sourceTree = SOURCE_ROOT; };
		EF2EFA0C12B7E5AE000C4422 /* JSON.h */ = {isa = PBXFileReference; fileEncoding = 4; lastKnownFileType = sourcecode.c.h; name = JSON.h; path = "../../../3rdParty Libraries/JSON v2.3.1 (iPhone)/Classes/JSON.h"; sourceTree = SOURCE_ROOT; };
		EF2EFA0D12B7E5AE000C4422 /* NSObject+SBJSON.h */ = {isa = PBXFileReference; fileEncoding = 4; lastKnownFileType = sourcecode.c.h; name = "NSObject+SBJSON.h"; path = "../../../3rdParty Libraries/JSON v2.3.1 (iPhone)/Classes/NSObject+SBJSON.h"; sourceTree = SOURCE_ROOT; };
		EF2EFA0E12B7E5AE000C4422 /* NSObject+SBJSON.m */ = {isa = PBXFileReference; fileEncoding = 4; lastKnownFileType = sourcecode.c.objc; name = "NSObject+SBJSON.m"; path = "../../../3rdParty Libraries/JSON v2.3.1 (iPhone)/Classes/NSObject+SBJSON.m"; sourceTree = SOURCE_ROOT; };
		EF2EFA0F12B7E5AE000C4422 /* NSString+SBJSON.h */ = {isa = PBXFileReference; fileEncoding = 4; lastKnownFileType = sourcecode.c.h; name = "NSString+SBJSON.h"; path = "../../../3rdParty Libraries/JSON v2.3.1 (iPhone)/Classes/NSString+SBJSON.h"; sourceTree = SOURCE_ROOT; };
		EF2EFA1012B7E5AE000C4422 /* NSString+SBJSON.m */ = {isa = PBXFileReference; fileEncoding = 4; lastKnownFileType = sourcecode.c.objc; name = "NSString+SBJSON.m"; path = "../../../3rdParty Libraries/JSON v2.3.1 (iPhone)/Classes/NSString+SBJSON.m"; sourceTree = SOURCE_ROOT; };
		EF2EFA1112B7E5AE000C4422 /* SBJsonBase.h */ = {isa = PBXFileReference; fileEncoding = 4; lastKnownFileType = sourcecode.c.h; name = SBJsonBase.h; path = "../../../3rdParty Libraries/JSON v2.3.1 (iPhone)/Classes/SBJsonBase.h"; sourceTree = SOURCE_ROOT; };
		EF2EFA1212B7E5AE000C4422 /* SBJsonBase.m */ = {isa = PBXFileReference; fileEncoding = 4; lastKnownFileType = sourcecode.c.objc; name = SBJsonBase.m; path = "../../../3rdParty Libraries/JSON v2.3.1 (iPhone)/Classes/SBJsonBase.m"; sourceTree = SOURCE_ROOT; };
		EF2EFA1312B7E5AE000C4422 /* SBJsonParser.h */ = {isa = PBXFileReference; fileEncoding = 4; lastKnownFileType = sourcecode.c.h; name = SBJsonParser.h; path = "../../../3rdParty Libraries/JSON v2.3.1 (iPhone)/Classes/SBJsonParser.h"; sourceTree = SOURCE_ROOT; };
		EF2EFA1412B7E5AE000C4422 /* SBJsonParser.m */ = {isa = PBXFileReference; fileEncoding = 4; lastKnownFileType = sourcecode.c.objc; name = SBJsonParser.m; path = "../../../3rdParty Libraries/JSON v2.3.1 (iPhone)/Classes/SBJsonParser.m"; sourceTree = SOURCE_ROOT; };
		EF2EFA1512B7E5AE000C4422 /* SBJsonWriter.h */ = {isa = PBXFileReference; fileEncoding = 4; lastKnownFileType = sourcecode.c.h; name = SBJsonWriter.h; path = "../../../3rdParty Libraries/JSON v2.3.1 (iPhone)/Classes/SBJsonWriter.h"; sourceTree = SOURCE_ROOT; };
		EF2EFA1612B7E5AE000C4422 /* SBJsonWriter.m */ = {isa = PBXFileReference; fileEncoding = 4; lastKnownFileType = sourcecode.c.objc; name = SBJsonWriter.m; path = "../../../3rdParty Libraries/JSON v2.3.1 (iPhone)/Classes/SBJsonWriter.m"; sourceTree = SOURCE_ROOT; };
		EF2EFA1912B7E5AE000C4422 /* Reachability.h */ = {isa = PBXFileReference; fileEncoding = 4; lastKnownFileType = sourcecode.c.h; path = Reachability.h; sourceTree = "<group>"; };
		EF2EFA1A12B7E5AE000C4422 /* Reachability.m */ = {isa = PBXFileReference; fileEncoding = 4; lastKnownFileType = sourcecode.c.objc; path = Reachability.m; sourceTree = "<group>"; };
		EF2EFA1B12B7E5AE000C4422 /* ASIAuthenticationDialog.h */ = {isa = PBXFileReference; fileEncoding = 4; lastKnownFileType = sourcecode.c.h; name = ASIAuthenticationDialog.h; path = "../../../3rdParty Libraries/pokeb-asi-http-request-307716a/Classes/ASIAuthenticationDialog.h"; sourceTree = SOURCE_ROOT; };
		EF2EFA1C12B7E5AE000C4422 /* ASIAuthenticationDialog.m */ = {isa = PBXFileReference; fileEncoding = 4; lastKnownFileType = sourcecode.c.objc; name = ASIAuthenticationDialog.m; path = "../../../3rdParty Libraries/pokeb-asi-http-request-307716a/Classes/ASIAuthenticationDialog.m"; sourceTree = SOURCE_ROOT; };
		EF2EFA1D12B7E5AE000C4422 /* ASICacheDelegate.h */ = {isa = PBXFileReference; fileEncoding = 4; lastKnownFileType = sourcecode.c.h; name = ASICacheDelegate.h; path = "../../../3rdParty Libraries/pokeb-asi-http-request-307716a/Classes/ASICacheDelegate.h"; sourceTree = SOURCE_ROOT; };
		EF2EFA1E12B7E5AE000C4422 /* ASIDataCompressor.h */ = {isa = PBXFileReference; fileEncoding = 4; lastKnownFileType = sourcecode.c.h; name = ASIDataCompressor.h; path = "../../../3rdParty Libraries/pokeb-asi-http-request-307716a/Classes/ASIDataCompressor.h"; sourceTree = SOURCE_ROOT; };
		EF2EFA1F12B7E5AE000C4422 /* ASIDataCompressor.m */ = {isa = PBXFileReference; fileEncoding = 4; lastKnownFileType = sourcecode.c.objc; name = ASIDataCompressor.m; path = "../../../3rdParty Libraries/pokeb-asi-http-request-307716a/Classes/ASIDataCompressor.m"; sourceTree = SOURCE_ROOT; };
		EF2EFA2012B7E5AE000C4422 /* ASIDataDecompressor.h */ = {isa = PBXFileReference; fileEncoding = 4; lastKnownFileType = sourcecode.c.h; name = ASIDataDecompressor.h; path = "../../../3rdParty Libraries/pokeb-asi-http-request-307716a/Classes/ASIDataDecompressor.h"; sourceTree = SOURCE_ROOT; };
		EF2EFA2112B7E5AE000C4422 /* ASIDataDecompressor.m */ = {isa = PBXFileReference; fileEncoding = 4; lastKnownFileType = sourcecode.c.objc; name = ASIDataDecompressor.m; path = "../../../3rdParty Libraries/pokeb-asi-http-request-307716a/Classes/ASIDataDecompressor.m"; sourceTree = SOURCE_ROOT; };
		EF2EFA2212B7E5AE000C4422 /* ASIDownloadCache.h */ = {isa = PBXFileReference; fileEncoding = 4; lastKnownFileType = sourcecode.c.h; name = ASIDownloadCache.h; path = "../../../3rdParty Libraries/pokeb-asi-http-request-307716a/Classes/ASIDownloadCache.h"; sourceTree = SOURCE_ROOT; };
		EF2EFA2312B7E5AE000C4422 /* ASIDownloadCache.m */ = {isa = PBXFileReference; fileEncoding = 4; lastKnownFileType = sourcecode.c.objc; name = ASIDownloadCache.m; path = "../../../3rdParty Libraries/pokeb-asi-http-request-307716a/Classes/ASIDownloadCache.m"; sourceTree = SOURCE_ROOT; };
		EF2EFA2412B7E5AE000C4422 /* ASIFormDataRequest.h */ = {isa = PBXFileReference; fileEncoding = 4; lastKnownFileType = sourcecode.c.h; name = ASIFormDataRequest.h; path = "../../../3rdParty Libraries/pokeb-asi-http-request-307716a/Classes/ASIFormDataRequest.h"; sourceTree = SOURCE_ROOT; };
		EF2EFA2512B7E5AE000C4422 /* ASIFormDataRequest.m */ = {isa = PBXFileReference; fileEncoding = 4; lastKnownFileType = sourcecode.c.objc; name = ASIFormDataRequest.m; path = "../../../3rdParty Libraries/pokeb-asi-http-request-307716a/Classes/ASIFormDataRequest.m"; sourceTree = SOURCE_ROOT; };
		EF2EFA2612B7E5AE000C4422 /* ASIHTTPRequest.h */ = {isa = PBXFileReference; fileEncoding = 4; lastKnownFileType = sourcecode.c.h; name = ASIHTTPRequest.h; path = "../../../3rdParty Libraries/pokeb-asi-http-request-307716a/Classes/ASIHTTPRequest.h"; sourceTree = SOURCE_ROOT; };
		EF2EFA2712B7E5AE000C4422 /* ASIHTTPRequest.m */ = {isa = PBXFileReference; fileEncoding = 4; lastKnownFileType = sourcecode.c.objc; name = ASIHTTPRequest.m; path = "../../../3rdParty Libraries/pokeb-asi-http-request-307716a/Classes/ASIHTTPRequest.m"; sourceTree = SOURCE_ROOT; };
		EF2EFA2812B7E5AE000C4422 /* ASIHTTPRequestConfig.h */ = {isa = PBXFileReference; fileEncoding = 4; lastKnownFileType = sourcecode.c.h; name = ASIHTTPRequestConfig.h; path = "../../../3rdParty Libraries/pokeb-asi-http-request-307716a/Classes/ASIHTTPRequestConfig.h"; sourceTree = SOURCE_ROOT; };
		EF2EFA2912B7E5AE000C4422 /* ASIHTTPRequestDelegate.h */ = {isa = PBXFileReference; fileEncoding = 4; lastKnownFileType = sourcecode.c.h; name = ASIHTTPRequestDelegate.h; path = "../../../3rdParty Libraries/pokeb-asi-http-request-307716a/Classes/ASIHTTPRequestDelegate.h"; sourceTree = SOURCE_ROOT; };
		EF2EFA2A12B7E5AE000C4422 /* ASIInputStream.h */ = {isa = PBXFileReference; fileEncoding = 4; lastKnownFileType = sourcecode.c.h; name = ASIInputStream.h; path = "../../../3rdParty Libraries/pokeb-asi-http-request-307716a/Classes/ASIInputStream.h"; sourceTree = SOURCE_ROOT; };
		EF2EFA2B12B7E5AE000C4422 /* ASIInputStream.m */ = {isa = PBXFileReference; fileEncoding = 4; lastKnownFileType = sourcecode.c.objc; name = ASIInputStream.m; path = "../../../3rdParty Libraries/pokeb-asi-http-request-307716a/Classes/ASIInputStream.m"; sourceTree = SOURCE_ROOT; };
		EF2EFA2C12B7E5AE000C4422 /* ASINetworkQueue.h */ = {isa = PBXFileReference; fileEncoding = 4; lastKnownFileType = sourcecode.c.h; name = ASINetworkQueue.h; path = "../../../3rdParty Libraries/pokeb-asi-http-request-307716a/Classes/ASINetworkQueue.h"; sourceTree = SOURCE_ROOT; };
		EF2EFA2D12B7E5AE000C4422 /* ASINetworkQueue.m */ = {isa = PBXFileReference; fileEncoding = 4; lastKnownFileType = sourcecode.c.objc; name = ASINetworkQueue.m; path = "../../../3rdParty Libraries/pokeb-asi-http-request-307716a/Classes/ASINetworkQueue.m"; sourceTree = SOURCE_ROOT; };
		EF2EFA2E12B7E5AE000C4422 /* ASIProgressDelegate.h */ = {isa = PBXFileReference; fileEncoding = 4; lastKnownFileType = sourcecode.c.h; name = ASIProgressDelegate.h; path = "../../../3rdParty Libraries/pokeb-asi-http-request-307716a/Classes/ASIProgressDelegate.h"; sourceTree = SOURCE_ROOT; };
		EF2EFA5712B7E60E000C4422 /* MobileCoreServices.framework */ = {isa = PBXFileReference; lastKnownFileType = wrapper.framework; name = MobileCoreServices.framework; path = System/Library/Frameworks/MobileCoreServices.framework; sourceTree = SDKROOT; };
/* End PBXFileReference section */

/* Begin PBXFrameworksBuildPhase section */
		B56851F71100DD0500A4C816 /* Frameworks */ = {
			isa = PBXFrameworksBuildPhase;
			buildActionMask = 2147483647;
			files = (
				EF2EF96012B7DF35000C4422 /* GHUnit.framework in Frameworks */,
				EF2EF9BB12B7E376000C4422 /* Foundation.framework in Frameworks */,
				EF2EF9C012B7E3B4000C4422 /* CFNetwork.framework in Frameworks */,
				EF2EF9C212B7E3B4000C4422 /* CoreData.framework in Frameworks */,
				EF2EF9C412B7E3B4000C4422 /* CoreGraphics.framework in Frameworks */,
				EF2EF9C612B7E3B4000C4422 /* UIKit.framework in Frameworks */,
				EF2EF9C812B7E3B4000C4422 /* libz.1.2.3.dylib in Frameworks */,
				EF2EF9D012B7E3CB000C4422 /* SystemConfiguration.framework in Frameworks */,
				EF2EFA5812B7E60E000C4422 /* MobileCoreServices.framework in Frameworks */,
			);
			runOnlyForDeploymentPostprocessing = 0;
		};
/* End PBXFrameworksBuildPhase section */

/* Begin PBXGroup section */
		080E96DDFE201D6D7F000001 /* Classes */ = {
			isa = PBXGroup;
			children = (
				EF2EFA1712B7E5AE000C4422 /* ASIHTTPRequest */,
				EF2EF9EB12B7E5AD000C4422 /* CoreResource */,
				EF2EFA0712B7E5AE000C4422 /* NSDate-Helper */,
				EF2EFA0B12B7E5AE000C4422 /* JSON */,
				B5BAC0D610FFE1EF00D57FCA /* Models */,
				28C286DF0D94DF7D0034E888 /* ArtistCollectionController.h */,
				28C286E00D94DF7D0034E888 /* ArtistCollectionController.m */,
				1D3623240D0F684500981E51 /* CoreTestAppDelegate.h */,
				1D3623250D0F684500981E51 /* CoreTestAppDelegate.m */,
			);
			path = Classes;
			sourceTree = "<group>";
		};
		19C28FACFE9D520D11CA2CBB /* Products */ = {
			isa = PBXGroup;
			children = (
				B56851F91100DD0500A4C816 /* CoreTest.app */,
			);
			name = Products;
			sourceTree = "<group>";
		};
		29B97314FDCFA39411CA2CEA /* CustomTemplate */ = {
			isa = PBXGroup;
			children = (
				B55D26ED11514FEC004F83F6 /* RunTests.sh */,
				B55D26EB11514F25004F83F6 /* TestScript.sh */,
				B568503D1100D03C00A4C816 /* Tests */,
				B56851B41100D66D00A4C816 /* Test Data */,
				080E96DDFE201D6D7F000001 /* Classes */,
				29B97315FDCFA39411CA2CEA /* Other Sources */,
				29B97317FDCFA39411CA2CEA /* Resources */,
				29B97323FDCFA39411CA2CEA /* Frameworks */,
				19C28FACFE9D520D11CA2CBB /* Products */,
			);
			name = CustomTemplate;
			sourceTree = "<group>";
		};
		29B97315FDCFA39411CA2CEA /* Other Sources */ = {
			isa = PBXGroup;
			children = (
				29B97316FDCFA39411CA2CEA /* main.m */,
				B56852981100E3E800A4C816 /* GHLogicTests_Prefix.pch */,
				EF2EF9D412B7E450000C4422 /* GHUnitIOSTestMain.m */,
			);
			name = "Other Sources";
			sourceTree = "<group>";
		};
		29B97317FDCFA39411CA2CEA /* Resources */ = {
			isa = PBXGroup;
			children = (
				28F335F01007B36200424DE2 /* ArtistCollectionController.xib */,
				28AD735F0D9D9599002E5188 /* MainWindow.xib */,
				8D1107310486CEB800E47090 /* CoreTest-Info.plist */,
				B5BAC0D410FFE1E000D57FCA /* CoreTest.xcdatamodel */,
			);
			name = Resources;
			sourceTree = "<group>";
		};
		29B97323FDCFA39411CA2CEA /* Frameworks */ = {
			isa = PBXGroup;
			children = (
				EF2EF95F12B7DF35000C4422 /* GHUnit.framework */,
				EF2EF9BA12B7E376000C4422 /* Foundation.framework */,
				EF2EF9BF12B7E3B4000C4422 /* CFNetwork.framework */,
				EF2EF9C112B7E3B4000C4422 /* CoreData.framework */,
				EF2EF9C312B7E3B4000C4422 /* CoreGraphics.framework */,
				EF2EF9C512B7E3B4000C4422 /* UIKit.framework */,
				EF2EF9C712B7E3B4000C4422 /* libz.1.2.3.dylib */,
				EF2EF9CF12B7E3CB000C4422 /* SystemConfiguration.framework */,
				EF2EFA5712B7E60E000C4422 /* MobileCoreServices.framework */,
			);
			name = Frameworks;
			sourceTree = "<group>";
		};
		B568503D1100D03C00A4C816 /* Tests */ = {
			isa = PBXGroup;
			children = (
				B568535A11010A6F00A4C816 /* TestHelpers.h */,
				B568535B11010A6F00A4C816 /* TestHelpers.m */,
				B56418A511064CFA00D1B038 /* CoreResourceTestCase.h */,
				B56418A311064CBB00D1B038 /* CoreResourceTestCase.m */,
				B5A9C3961142AF950007B71C /* CoreResourceConfigurationTests.m */,
				B5A9C3971142AF950007B71C /* CoreResourceCoreDataTests.m */,
				B5A9C3981142AF950007B71C /* CoreResourceCreateTests.m */,
				B5A9C3991142AF950007B71C /* CoreResourceDestroyTests.m */,
				B5A9C39A1142AF950007B71C /* CoreResourceReadTests.m */,
				B5A9C39B1142AF950007B71C /* CoreResourceResultsTests.m */,
				B5A9C39C1142AF950007B71C /* CoreResourceSerializationTests.m */,
				B5A9C39D1142AF950007B71C /* CoreResourceUpdateTests.m */,
				B57DCF0C1144E0400063915D /* CoreUtilsTests.m */,
				B5727E5211495D8D0067D774 /* NSArrayCategoryTests.m */,
				B5E78AC61149AD1A006C73CE /* MiscBenchmarks.m */,
			);
			name = Tests;
			sourceTree = "<group>";
		};
		B56851B41100D66D00A4C816 /* Test Data */ = {
			isa = PBXGroup;
			children = (
				B56851B81100D6BA00A4C816 /* artists.json */,
				B556BBA11118D42900D4570C /* artists.0.json */,
				B56FD902111B308900D4CEA7 /* artists.0.update.json */,
				B56FDB18111B37F100D4CEA7 /* artists.0.alternate-field-names.json */,
				B556BBA21118D44900D4570C /* artists.1.json */,
				B556BBA31118D44F00D4570C /* artists.2.json */,
			);
			name = "Test Data";
			sourceTree = "<group>";
		};
		B5BAC0D610FFE1EF00D57FCA /* Models */ = {
			isa = PBXGroup;
			children = (
				B5BAC0D710FFE27600D57FCA /* Artist.h */,
				B5BAC0D810FFE27600D57FCA /* Artist.m */,
				B5A66149110DF95400100C9E /* Song.h */,
				B5A6614A110DF95400100C9E /* Song.m */,
				B5A6615A110DF9CD00100C9E /* User.h */,
				B5A6615B110DF9CD00100C9E /* User.m */,
			);
			name = Models;
			sourceTree = "<group>";
		};
		EF2EF9EB12B7E5AD000C4422 /* CoreResource */ = {
			isa = PBXGroup;
			children = (
				EF2EF9EC12B7E5AD000C4422 /* CoreDeserializer.h */,
				EF2EF9ED12B7E5AD000C4422 /* CoreDeserializer.m */,
				EF2EF9EE12B7E5AD000C4422 /* CoreManager.h */,
				EF2EF9EF12B7E5AD000C4422 /* CoreManager.m */,
				EF2EF9F012B7E5AD000C4422 /* CoreRequest.h */,
				EF2EF9F112B7E5AD000C4422 /* CoreRequest.m */,
				EF2EF9F212B7E5AD000C4422 /* CoreResource.h */,
				EF2EF9F312B7E5AD000C4422 /* CoreResource.m */,
				EF2EF9F412B7E5AD000C4422 /* CoreResult.h */,
				EF2EF9F512B7E5AD000C4422 /* CoreResult.m */,
				EF2EF9F612B7E5AD000C4422 /* CoreResultsController.h */,
				EF2EF9F712B7E5AD000C4422 /* CoreResultsController.m */,
				EF2EF9F812B7E5AD000C4422 /* CoreTableController.h */,
				EF2EF9F912B7E5AD000C4422 /* CoreTableController.m */,
				EF2EF9FA12B7E5AD000C4422 /* CoreUtils.h */,
				EF2EF9FB12B7E5AD000C4422 /* CoreUtils.m */,
				EF2EF9FC12B7E5AD000C4422 /* NSArray+Core.h */,
				EF2EF9FD12B7E5AD000C4422 /* NSArray+Core.m */,
				EF2EF9FE12B7E5AD000C4422 /* NSMutableArray+Core.h */,
				EF2EF9FF12B7E5AD000C4422 /* NSMutableArray+Core.m */,
				EF2EFA0012B7E5AD000C4422 /* NSObject+Core.h */,
				EF2EFA0112B7E5AD000C4422 /* NSObject+Core.m */,
				EF2EFA0212B7E5AD000C4422 /* NSSet+Core.h */,
				EF2EFA0312B7E5AD000C4422 /* NSSet+Core.m */,
				EF2EFA0412B7E5AD000C4422 /* NSString+InflectionSupport.h */,
				EF2EFA0512B7E5AD000C4422 /* NSString+InflectionSupport.m */,
				EF2EFA0612B7E5AE000C4422 /* readme.md */,
			);
			name = CoreResource;
			path = ../..;
			sourceTree = SOURCE_ROOT;
		};
		EF2EFA0712B7E5AE000C4422 /* NSDate-Helper */ = {
			isa = PBXGroup;
			children = (
				EF2EFA0812B7E5AE000C4422 /* NSDate+Helper.h */,
				EF2EFA0912B7E5AE000C4422 /* NSDate+Helper.m */,
				EF2EFA0A12B7E5AE000C4422 /* README.textile */,
			);
			name = "NSDate-Helper";
			path = "../../../TreasureHuntClient/mikelaurence-CoreResource-9948473/Libraries/NSDate-Helper";
			sourceTree = SOURCE_ROOT;
		};
		EF2EFA0B12B7E5AE000C4422 /* JSON */ = {
			isa = PBXGroup;
			children = (
				EF2EFA0C12B7E5AE000C4422 /* JSON.h */,
				EF2EFA0D12B7E5AE000C4422 /* NSObject+SBJSON.h */,
				EF2EFA0E12B7E5AE000C4422 /* NSObject+SBJSON.m */,
				EF2EFA0F12B7E5AE000C4422 /* NSString+SBJSON.h */,
				EF2EFA1012B7E5AE000C4422 /* NSString+SBJSON.m */,
				EF2EFA1112B7E5AE000C4422 /* SBJsonBase.h */,
				EF2EFA1212B7E5AE000C4422 /* SBJsonBase.m */,
				EF2EFA1312B7E5AE000C4422 /* SBJsonParser.h */,
				EF2EFA1412B7E5AE000C4422 /* SBJsonParser.m */,
				EF2EFA1512B7E5AE000C4422 /* SBJsonWriter.h */,
				EF2EFA1612B7E5AE000C4422 /* SBJsonWriter.m */,
			);
			name = JSON;
			path = "../../../TreasureHuntClient/mikelaurence-CoreResource-9948473/Libraries/JSON";
			sourceTree = SOURCE_ROOT;
		};
		EF2EFA1712B7E5AE000C4422 /* ASIHTTPRequest */ = {
			isa = PBXGroup;
			children = (
				EF2EFA1812B7E5AE000C4422 /* Reachability */,
				EF2EFA1B12B7E5AE000C4422 /* ASIAuthenticationDialog.h */,
				EF2EFA1C12B7E5AE000C4422 /* ASIAuthenticationDialog.m */,
				EF2EFA1D12B7E5AE000C4422 /* ASICacheDelegate.h */,
				EF2EFA1E12B7E5AE000C4422 /* ASIDataCompressor.h */,
				EF2EFA1F12B7E5AE000C4422 /* ASIDataCompressor.m */,
				EF2EFA2012B7E5AE000C4422 /* ASIDataDecompressor.h */,
				EF2EFA2112B7E5AE000C4422 /* ASIDataDecompressor.m */,
				EF2EFA2212B7E5AE000C4422 /* ASIDownloadCache.h */,
				EF2EFA2312B7E5AE000C4422 /* ASIDownloadCache.m */,
				EF2EFA2412B7E5AE000C4422 /* ASIFormDataRequest.h */,
				EF2EFA2512B7E5AE000C4422 /* ASIFormDataRequest.m */,
				EF2EFA2612B7E5AE000C4422 /* ASIHTTPRequest.h */,
				EF2EFA2712B7E5AE000C4422 /* ASIHTTPRequest.m */,
				EF2EFA2812B7E5AE000C4422 /* ASIHTTPRequestConfig.h */,
				EF2EFA2912B7E5AE000C4422 /* ASIHTTPRequestDelegate.h */,
				EF2EFA2A12B7E5AE000C4422 /* ASIInputStream.h */,
				EF2EFA2B12B7E5AE000C4422 /* ASIInputStream.m */,
				EF2EFA2C12B7E5AE000C4422 /* ASINetworkQueue.h */,
				EF2EFA2D12B7E5AE000C4422 /* ASINetworkQueue.m */,
				EF2EFA2E12B7E5AE000C4422 /* ASIProgressDelegate.h */,
			);
			name = ASIHTTPRequest;
			sourceTree = "<group>";
		};
		EF2EFA1812B7E5AE000C4422 /* Reachability */ = {
			isa = PBXGroup;
			children = (
				EF2EFA1912B7E5AE000C4422 /* Reachability.h */,
				EF2EFA1A12B7E5AE000C4422 /* Reachability.m */,
			);
			name = Reachability;
			path = "../../../3rdParty Libraries/pokeb-asi-http-request-307716a/External/Reachability";
			sourceTree = SOURCE_ROOT;
		};
/* End PBXGroup section */

/* Begin PBXNativeTarget section */
		B56851F81100DD0500A4C816 /* CoreTest */ = {
			isa = PBXNativeTarget;
			buildConfigurationList = B56851FE1100DD0600A4C816 /* Build configuration list for PBXNativeTarget "CoreTest" */;
			buildPhases = (
				B56851F51100DD0500A4C816 /* Resources */,
				B56851F61100DD0500A4C816 /* Sources */,
				B56851F71100DD0500A4C816 /* Frameworks */,
				B55D26E21151343E004F83F6 /* ShellScript */,
			);
			buildRules = (
			);
			dependencies = (
			);
			name = CoreTest;
			productName = GHLogicTests;
			productReference = B56851F91100DD0500A4C816 /* CoreTest.app */;
			productType = "com.apple.product-type.application";
		};
/* End PBXNativeTarget section */

/* Begin PBXProject section */
		29B97313FDCFA39411CA2CEA /* Project object */ = {
			isa = PBXProject;
			attributes = {
				ORGANIZATIONNAME = "Mike Laurence";
			};
			buildConfigurationList = C01FCF4E08A954540054247B /* Build configuration list for PBXProject "CoreTest" */;
			compatibilityVersion = "Xcode 3.1";
			developmentRegion = English;
			hasScannedForEncodings = 1;
			knownRegions = (
				English,
				Japanese,
				French,
				German,
				en,
			);
			mainGroup = 29B97314FDCFA39411CA2CEA /* CustomTemplate */;
			projectDirPath = "";
			projectRoot = "";
			targets = (
				B56851F81100DD0500A4C816 /* CoreTest */,
			);
		};
/* End PBXProject section */

/* Begin PBXResourcesBuildPhase section */
		B56851F51100DD0500A4C816 /* Resources */ = {
			isa = PBXResourcesBuildPhase;
			buildActionMask = 2147483647;
			files = (
				B556BBFA1118DA0800D4570C /* artists.json in Resources */,
				B556BBFB1118DA0E00D4570C /* artists.0.json in Resources */,
				B556BBFC1118DA1200D4570C /* artists.1.json in Resources */,
				B556BBFD1118DA1500D4570C /* artists.2.json in Resources */,
				B56FDB5B111B3BDA00D4CEA7 /* artists.0.alternate-field-names.json in Resources */,
				B56FDBA2111B3F6100D4CEA7 /* artists.0.update.json in Resources */,
				B55D26EC11514F25004F83F6 /* TestScript.sh in Resources */,
				B55D26EE11514FEC004F83F6 /* RunTests.sh in Resources */,
				EF2EFA3C12B7E5AE000C4422 /* readme.md in Resources */,
				EF2EFA3E12B7E5AE000C4422 /* README.textile in Resources */,
			);
			runOnlyForDeploymentPostprocessing = 0;
		};
/* End PBXResourcesBuildPhase section */

/* Begin PBXShellScriptBuildPhase section */
		B55D26E21151343E004F83F6 /* ShellScript */ = {
			isa = PBXShellScriptBuildPhase;
			buildActionMask = 2147483647;
			files = (
			);
			inputPaths = (
			);
			outputPaths = (
			);
			runOnlyForDeploymentPostprocessing = 0;
			shellPath = "/bin/sh TestScript.sh";
			shellScript = "";
		};
/* End PBXShellScriptBuildPhase section */

/* Begin PBXSourcesBuildPhase section */
		B56851F61100DD0500A4C816 /* Sources */ = {
			isa = PBXSourcesBuildPhase;
			buildActionMask = 2147483647;
			files = (
				B568524D1100E0AC00A4C816 /* CoreTestAppDelegate.m in Sources */,
				B568524E1100E0AC00A4C816 /* ArtistCollectionController.m in Sources */,
				B56852611100E0AC00A4C816 /* CoreTest.xcdatamodel in Sources */,
				B56852621100E0AC00A4C816 /* Artist.m in Sources */,
				B568535C11010A6F00A4C816 /* TestHelpers.m in Sources */,
				B56418A411064CBB00D1B038 /* CoreResourceTestCase.m in Sources */,
				B5A6614B110DF95400100C9E /* Song.m in Sources */,
				B5A6615C110DF9CD00100C9E /* User.m in Sources */,
				B5A9C39E1142AF950007B71C /* CoreResourceConfigurationTests.m in Sources */,
				B5A9C39F1142AF950007B71C /* CoreResourceCoreDataTests.m in Sources */,
				B5A9C3A01142AF950007B71C /* CoreResourceCreateTests.m in Sources */,
				B5A9C3A11142AF950007B71C /* CoreResourceDestroyTests.m in Sources */,
				B5A9C3A21142AF950007B71C /* CoreResourceReadTests.m in Sources */,
				B5A9C3A31142AF950007B71C /* CoreResourceResultsTests.m in Sources */,
				B5A9C3A41142AF950007B71C /* CoreResourceSerializationTests.m in Sources */,
				B5A9C3A51142AF950007B71C /* CoreResourceUpdateTests.m in Sources */,
				B57DCF0D1144E0400063915D /* CoreUtilsTests.m in Sources */,
				B5727E5311495D8D0067D774 /* NSArrayCategoryTests.m in Sources */,
				B5E78AC71149AD1A006C73CE /* MiscBenchmarks.m in Sources */,
				EF2EF9D512B7E450000C4422 /* GHUnitIOSTestMain.m in Sources */,
				EF2EFA2F12B7E5AE000C4422 /* CoreDeserializer.m in Sources */,
				EF2EFA3012B7E5AE000C4422 /* CoreManager.m in Sources */,
				EF2EFA3112B7E5AE000C4422 /* CoreRequest.m in Sources */,
				EF2EFA3212B7E5AE000C4422 /* CoreResource.m in Sources */,
				EF2EFA3312B7E5AE000C4422 /* CoreResult.m in Sources */,
				EF2EFA3412B7E5AE000C4422 /* CoreResultsController.m in Sources */,
				EF2EFA3512B7E5AE000C4422 /* CoreTableController.m in Sources */,
				EF2EFA3612B7E5AE000C4422 /* CoreUtils.m in Sources */,
				EF2EFA3712B7E5AE000C4422 /* NSArray+Core.m in Sources */,
				EF2EFA3812B7E5AE000C4422 /* NSMutableArray+Core.m in Sources */,
				EF2EFA3912B7E5AE000C4422 /* NSObject+Core.m in Sources */,
				EF2EFA3A12B7E5AE000C4422 /* NSSet+Core.m in Sources */,
				EF2EFA3B12B7E5AE000C4422 /* NSString+InflectionSupport.m in Sources */,
				EF2EFA3D12B7E5AE000C4422 /* NSDate+Helper.m in Sources */,
				EF2EFA3F12B7E5AE000C4422 /* NSObject+SBJSON.m in Sources */,
				EF2EFA4012B7E5AE000C4422 /* NSString+SBJSON.m in Sources */,
				EF2EFA4112B7E5AE000C4422 /* SBJsonBase.m in Sources */,
				EF2EFA4212B7E5AE000C4422 /* SBJsonParser.m in Sources */,
				EF2EFA4312B7E5AE000C4422 /* SBJsonWriter.m in Sources */,
				EF2EFA4412B7E5AE000C4422 /* Reachability.m in Sources */,
				EF2EFA4512B7E5AE000C4422 /* ASIAuthenticationDialog.m in Sources */,
				EF2EFA4612B7E5AE000C4422 /* ASIDataCompressor.m in Sources */,
				EF2EFA4712B7E5AE000C4422 /* ASIDataDecompressor.m in Sources */,
				EF2EFA4812B7E5AE000C4422 /* ASIDownloadCache.m in Sources */,
				EF2EFA4912B7E5AE000C4422 /* ASIFormDataRequest.m in Sources */,
				EF2EFA4A12B7E5AE000C4422 /* ASIHTTPRequest.m in Sources */,
				EF2EFA4B12B7E5AE000C4422 /* ASIInputStream.m in Sources */,
				EF2EFA4C12B7E5AE000C4422 /* ASINetworkQueue.m in Sources */,
			);
			runOnlyForDeploymentPostprocessing = 0;
		};
/* End PBXSourcesBuildPhase section */

/* Begin XCBuildConfiguration section */
		B56851FC1100DD0600A4C816 /* Debug */ = {
			isa = XCBuildConfiguration;
			buildSettings = {
				ALWAYS_SEARCH_USER_PATHS = NO;
				CODE_SIGN_IDENTITY = "iPhone Developer";
				COPY_PHASE_STRIP = NO;
				FRAMEWORK_SEARCH_PATHS = (
					"$(inherited)",
					"\"$(SRCROOT)\"/**",
				);
				GCC_DYNAMIC_NO_PIC = NO;
				GCC_OPTIMIZATION_LEVEL = 0;
				GCC_PRECOMPILE_PREFIX_HEADER = YES;
				GCC_PREFIX_HEADER = GHLogicTests_Prefix.pch;
				HEADER_SEARCH_PATHS = "";
				INFOPLIST_FILE = "CoreTest-Info.plist";
				INSTALL_PATH = "$(HOME)/Applications";
				IPHONEOS_DEPLOYMENT_TARGET = 4.1;
				LIBRARY_SEARCH_PATHS = "\"$(SRCROOT)/GHUnit.framework\"";
				OTHER_LDFLAGS = (
					"-ObjC",
					"-all_load",
				);
				PREBINDING = NO;
				PRODUCT_NAME = CoreTest;
				SDKROOT = iphoneos4.2;
			};
			name = Debug;
		};
		B56851FD1100DD0600A4C816 /* Release */ = {
			isa = XCBuildConfiguration;
			buildSettings = {
				ALWAYS_SEARCH_USER_PATHS = NO;
				CODE_SIGN_IDENTITY = "iPhone Developer";
				COPY_PHASE_STRIP = YES;
				DEBUG_INFORMATION_FORMAT = "dwarf-with-dsym";
				FRAMEWORK_SEARCH_PATHS = (
					"$(inherited)",
					"\"$(SRCROOT)\"",
				);
				GCC_ENABLE_FIX_AND_CONTINUE = NO;
				GCC_PRECOMPILE_PREFIX_HEADER = YES;
				GCC_PREFIX_HEADER = GHLogicTests_Prefix.pch;
				HEADER_SEARCH_PATHS = "";
				INFOPLIST_FILE = "CoreTest-Info.plist";
				INSTALL_PATH = "$(HOME)/Applications";
				LIBRARY_SEARCH_PATHS = "\"$(SRCROOT)/GHUnit\"";
				OTHER_LDFLAGS = (
					"-lxml2",
					"-framework",
					Foundation,
					"-framework",
					UIKit,
					"-ObjC",
					"-all_load",
				);
				PREBINDING = NO;
				PRODUCT_NAME = CoreTest;
				SDKROOT = iphoneos3.1.2;
				ZERO_LINK = NO;
			};
			name = Release;
		};
		C01FCF4F08A954540054247B /* Debug */ = {
			isa = XCBuildConfiguration;
			buildSettings = {
				ARCHS = "$(ARCHS_STANDARD_32_BIT)";
				"CODE_SIGN_IDENTITY[sdk=iphoneos*]" = "iPhone Developer";
				GCC_C_LANGUAGE_STANDARD = c99;
				GCC_OPTIMIZATION_LEVEL = 0;
				GCC_VERSION = com.apple.compilers.llvm.clang.1_0;
				GCC_WARN_ABOUT_RETURN_TYPE = YES;
				GCC_WARN_UNUSED_VARIABLE = YES;
				OTHER_CFLAGS = "-DDEBUG=1";
				PREBINDING = NO;
				SDKROOT = iphoneos;
			};
			name = Debug;
		};
		C01FCF5008A954540054247B /* Release */ = {
			isa = XCBuildConfiguration;
			buildSettings = {
				ARCHS = "$(ARCHS_STANDARD_32_BIT)";
				"CODE_SIGN_IDENTITY[sdk=iphoneos*]" = "iPhone Developer";
				GCC_C_LANGUAGE_STANDARD = c99;
				GCC_WARN_ABOUT_RETURN_TYPE = YES;
				GCC_WARN_UNUSED_VARIABLE = YES;
				PREBINDING = NO;
				SDKROOT = iphoneos;
			};
			name = Release;
		};
/* End XCBuildConfiguration section */

/* Begin XCConfigurationList section */
		B56851FE1100DD0600A4C816 /* Build configuration list for PBXNativeTarget "CoreTest" */ = {
			isa = XCConfigurationList;
			buildConfigurations = (
				B56851FC1100DD0600A4C816 /* Debug */,
				B56851FD1100DD0600A4C816 /* Release */,
			);
			defaultConfigurationIsVisible = 0;
			defaultConfigurationName = Release;
		};
		C01FCF4E08A954540054247B /* Build configuration list for PBXProject "CoreTest" */ = {
			isa = XCConfigurationList;
			buildConfigurations = (
				C01FCF4F08A954540054247B /* Debug */,
				C01FCF5008A954540054247B /* Release */,
			);
			defaultConfigurationIsVisible = 0;
			defaultConfigurationName = Release;
		};
/* End XCConfigurationList section */
	};
	rootObject = 29B97313FDCFA39411CA2CEA /* Project object */;
}
